<?xml version="1.0" encoding="utf-8"?>
<Project ToolsVersion="4.0" xmlns="http://schemas.microsoft.com/developer/msbuild/2003">
  <ItemGroup>
    <ClCompile Include="cBody.cpp" />
    <ClCompile Include="cCamera.cpp" />
    <ClCompile Include="cCharacter.cpp" />
    <ClCompile Include="cCubeMan.cpp" />
    <ClCompile Include="cCubeNode.cpp" />
    <ClCompile Include="cCubePC.cpp" />
    <ClCompile Include="cCubePNT.cpp" />
    <ClCompile Include="cDeviceManager.cpp" />
    <ClCompile Include="cGrid.cpp" />
    <ClCompile Include="cHead.cpp" />
    <ClCompile Include="cInputManager.cpp" />
    <ClCompile Include="cLeftArm.cpp" />
    <ClCompile Include="cLeftLeg.cpp" />
    <ClCompile Include="cMainGame.cpp" />
    <ClCompile Include="cMoon.cpp" />
    <ClCompile Include="cObject.cpp" />
    <ClCompile Include="cObjectManager.cpp" />
    <ClCompile Include="cPlanet.cpp" />
    <ClCompile Include="cPlayScene.cpp" />
    <ClCompile Include="cPyramid.cpp" />
    <ClCompile Include="cRightArm.cpp" />
    <ClCompile Include="cRightLeg.cpp" />
    <ClCompile Include="cSceneManager.cpp" />
    <ClCompile Include="cShopScene.cpp" />
    <ClCompile Include="cSurface.cpp" />
    <ClCompile Include="cSun.cpp" />
    <ClCompile Include="cTitleScene.cpp" />
    <ClCompile Include="MineCraft.cpp" />
    <ClCompile Include="stdafx.cpp" />
  </ItemGroup>
  <ItemGroup>
    <ClInclude Include="cBody.h" />
    <ClInclude Include="cCamera.h" />
    <ClInclude Include="cCharacter.h" />
    <ClInclude Include="cCubeMan.h" />
    <ClInclude Include="cCubeNode.h" />
    <ClInclude Include="cCubePC.h" />
    <ClInclude Include="cCubePNT.h" />
    <ClInclude Include="cDeviceManager.h" />
    <ClInclude Include="cGrid.h" />
    <ClInclude Include="cHead.h" />
    <ClInclude Include="cInputManager.h" />
    <ClInclude Include="cLeftArm.h" />
    <ClInclude Include="cLeftLeg.h" />
    <ClInclude Include="cMainGame.h" />
    <ClInclude Include="cMoon.h" />
    <ClInclude Include="cObject.h" />
    <ClInclude Include="cObjectManager.h" />
    <ClInclude Include="cPlanet.h" />
    <ClInclude Include="cPlayScene.h" />
    <ClInclude Include="cPyramid.h" />
    <ClInclude Include="cRightArm.h" />
    <ClInclude Include="cRightLeg.h" />
    <ClInclude Include="cSceneManager.h" />
    <ClInclude Include="cShopScene.h" />
    <ClInclude Include="cSurface.h" />
    <ClInclude Include="cSun.h" />
    <ClInclude Include="cTitleScene.h" />
    <ClInclude Include="MineCraft.h" />
    <ClInclude Include="Resource.h" />
    <ClInclude Include="stdafx.h" />
    <ClInclude Include="targetver.h" />
  </ItemGroup>
  <ItemGroup>
    <ResourceCompile Include="MineCraft.rc" />
  </ItemGroup>
  <ItemGroup>
    <Image Include="MineCraft.ico" />
    <Image Include="small.ico" />
  </ItemGroup>
  <ItemGroup>
    <Text Include="notice.txt" />
    <Text Include="ReadMe.txt" />
  </ItemGroup>
</Project>