<?xml version="1.0" encoding="utf-8"?>
<Project ToolsVersion="4.0" xmlns="http://schemas.microsoft.com/developer/msbuild/2003">
  <ItemGroup>
    <ClCompile Include="cBody.cpp" />
    <ClCompile Include="cCamera.cpp" />
    <ClCompile Include="cCharacter.cpp" />
    <ClCompile Include="cCubeMan.cpp" />
    <ClCompile Include="cCubeNode.cpp" />
    <ClCompile Include="cCubePC.cpp" />
    <ClCompile Include="cCubePNT.cpp" />
    <ClCompile Include="cDeviceManager.cpp" />
    <ClCompile Include="cGrid.cpp" />
    <ClCompile Include="cHead.cpp" />
    <ClCompile Include="cInputManager.cpp" />
    <ClCompile Include="cLeftArm.cpp" />
    <ClCompile Include="cLeftLeg.cpp" />
    <ClCompile Include="cMoon.cpp" />
    <ClCompile Include="cObject.cpp" />
    <ClCompile Include="cObjectManager.cpp" />
    <ClCompile Include="cPlanet.cpp" />
    <ClCompile Include="cPlayScene.cpp" />
    <ClCompile Include="cPyramid.cpp" />
    <ClCompile Include="cRightArm.cpp" />
    <ClCompile Include="cRightLeg.cpp" />
    <ClCompile Include="cSceneManager.cpp" />
    <ClCompile Include="cShopScene.cpp" />
    <ClCompile Include="cSurface.cpp" />
    <ClCompile Include="cSun.cpp" />
    <ClCompile Include="cTitleScene.cpp" />
    <ClCompile Include="stdafx.cpp">
      <Filter>99. etc</Filter>
    </ClCompile>
    <ClCompile Include="MineCraft.cpp">
      <Filter>00. cMineCraft</Filter>
    </ClCompile>
    <ClCompile Include="cMainGame.cpp">
      <Filter>01. cMainGame</Filter>
    </ClCompile>
  </ItemGroup>
  <ItemGroup>
    <ClInclude Include="cBody.h" />
    <ClInclude Include="cCamera.h" />
    <ClInclude Include="cCharacter.h" />
    <ClInclude Include="cCubeMan.h" />
    <ClInclude Include="cCubeNode.h" />
    <ClInclude Include="cCubePC.h" />
    <ClInclude Include="cCubePNT.h" />
    <ClInclude Include="cDeviceManager.h" />
    <ClInclude Include="cGrid.h" />
    <ClInclude Include="cHead.h" />
    <ClInclude Include="cInputManager.h" />
    <ClInclude Include="cLeftArm.h" />
    <ClInclude Include="cLeftLeg.h" />
    <ClInclude Include="cMoon.h" />
    <ClInclude Include="cObject.h" />
    <ClInclude Include="cObjectManager.h" />
    <ClInclude Include="cPlanet.h" />
    <ClInclude Include="cPlayScene.h" />
    <ClInclude Include="cPyramid.h" />
    <ClInclude Include="cRightArm.h" />
    <ClInclude Include="cRightLeg.h" />
    <ClInclude Include="cSceneManager.h" />
    <ClInclude Include="cShopScene.h" />
    <ClInclude Include="cSurface.h" />
    <ClInclude Include="cSun.h" />
    <ClInclude Include="cTitleScene.h" />
    <ClInclude Include="stdafx.h" />
    <ClInclude Include="targetver.h">
      <Filter>99. etc</Filter>
    </ClInclude>
    <ClInclude Include="Resource.h">
      <Filter>99. etc</Filter>
    </ClInclude>
    <ClInclude Include="MineCraft.h">
      <Filter>00. cMineCraft</Filter>
    </ClInclude>
    <ClInclude Include="cMainGame.h">
      <Filter>01. cMainGame</Filter>
    </ClInclude>
  </ItemGroup>
  <ItemGroup>
    <Image Include="small.ico">
      <Filter>99. etc</Filter>
    </Image>
    <Image Include="MineCraft.ico">
      <Filter>99. etc</Filter>
    </Image>
  </ItemGroup>
  <ItemGroup>
    <Text Include="notice.txt" />
    <Text Include="ReadMe.txt">
      <Filter>99. etc</Filter>
    </Text>
  </ItemGroup>
  <ItemGroup>
    <Filter Include="99. etc">
      <UniqueIdentifier>{fd7db6e5-5617-4c5e-a94c-81dc69836f52}</UniqueIdentifier>
    </Filter>
    <Filter Include="00. cMineCraft">
      <UniqueIdentifier>{6aad5c0f-524d-477e-a095-246ed777a841}</UniqueIdentifier>
    </Filter>
    <Filter Include="01. cMainGame">
      <UniqueIdentifier>{ada4fb67-777c-4fc6-b76b-dbef8cd7eb5c}</UniqueIdentifier>
    </Filter>
  </ItemGroup>
  <ItemGroup>
    <ResourceCompile Include="MineCraft.rc">
      <Filter>99. etc</Filter>
    </ResourceCompile>
  </ItemGroup>
</Project>